
Microsoft Visual Studio Solution File, Format Version 12.00
# Visual Studio Version 16
VisualStudioVersion = 16.0.31729.503
MinimumVisualStudioVersion = 10.0.40219.1
Project("{9A19103F-16F7-4668-BE54-9A1E7A4F7556}") = "narcissisticNumber", "narcissisticNumber\narcissisticNumber.csproj", "{3CB4E475-9EFD-4639-97D2-97946ADCEB67}"
EndProject
Project("{9A19103F-16F7-4668-BE54-9A1E7A4F7556}") = "duplicateEncoder", "duplicateEncoder\duplicateEncoder.csproj", "{DD363C9B-6BC8-4371-8D1F-6C17F392B3D5}"
EndProject
Project("{9A19103F-16F7-4668-BE54-9A1E7A4F7556}") = "complementaryDNA", "complementaryDNA\complementaryDNA.csproj", "{5983E0F5-D7AF-4E54-9FAD-40A37FAAA3D0}"
EndProject
Project("{9A19103F-16F7-4668-BE54-9A1E7A4F7556}") = "replaceWithAlphabetPosition", "replaceWithAlphabetPosition\replaceWithAlphabetPosition.csproj", "{179D917A-ACFB-423C-AC0B-630375ADB204}"
EndProject
Project("{9A19103F-16F7-4668-BE54-9A1E7A4F7556}") = "aSquareOfSquares", "aSquareOfSquares\aSquareOfSquares.csproj", "{0883DDC9-F311-4C1A-8026-55F2364D0FCF}"
EndProject
Project("{9A19103F-16F7-4668-BE54-9A1E7A4F7556}") = "TakeATenMinuteWalk", "TakeATenMinuteWalk\TakeATenMinuteWalk.csproj", "{3F5FB455-D620-4D5D-95F2-7EA3FBED8CB9}"
EndProject
Project("{9A19103F-16F7-4668-BE54-9A1E7A4F7556}") = "areTheyTheSame", "areTheyTheSame\areTheyTheSame.csproj", "{DF17CAA2-9D00-4D1B-834F-71FC5DF1B54C}"
EndProject
Project("{9A19103F-16F7-4668-BE54-9A1E7A4F7556}") = "ExesАndOhs", "ConsoleApp1\ExesАndOhs.csproj", "{B60CD0A5-762C-4D59-ABF5-3DE12266E257}"
EndProject
Project("{9A19103F-16F7-4668-BE54-9A1E7A4F7556}") = "SplitStrings", "SplitStrings\SplitStrings.csproj", "{E8840D2D-F60D-4E30-86B2-F95A60A98266}"
EndProject
Project("{9A19103F-16F7-4668-BE54-9A1E7A4F7556}") = "Array.diff", "Array.diff\Array.diff.csproj", "{72A0E695-F15A-47DA-B567-50782FD4452C}"
EndProject
Project("{9A19103F-16F7-4668-BE54-9A1E7A4F7556}") = "MovingZerosToTheEnd", "MovingZerosToTheEnd\MovingZerosToTheEnd.csproj", "{59C4BEF5-DC93-453E-9819-E76DC991924E}"
EndProject
Project("{9A19103F-16F7-4668-BE54-9A1E7A4F7556}") = "EqualSidesOfAnArray", "EqualSidesOfAnArray\EqualSidesOfAnArray.csproj", "{5B3F0DC4-33E7-4413-BDDC-5C84FD05A67D}"
EndProject
Project("{FAE04EC0-301F-11D3-BF4B-00C04F79EFBC}") = "TribonacciSequence", "TribonacciSequence\TribonacciSequence.csproj", "{4B3613F8-1C68-4F6B-9BCA-279724D45871}"
EndProject
Global
	GlobalSection(SolutionConfigurationPlatforms) = preSolution
		Debug|Any CPU = Debug|Any CPU
		Release|Any CPU = Release|Any CPU
	EndGlobalSection
	GlobalSection(ProjectConfigurationPlatforms) = postSolution
		{3CB4E475-9EFD-4639-97D2-97946ADCEB67}.Debug|Any CPU.ActiveCfg = Debug|Any CPU
		{3CB4E475-9EFD-4639-97D2-97946ADCEB67}.Debug|Any CPU.Build.0 = Debug|Any CPU
		{3CB4E475-9EFD-4639-97D2-97946ADCEB67}.Release|Any CPU.ActiveCfg = Release|Any CPU
		{3CB4E475-9EFD-4639-97D2-97946ADCEB67}.Release|Any CPU.Build.0 = Release|Any CPU
		{DD363C9B-6BC8-4371-8D1F-6C17F392B3D5}.Debug|Any CPU.ActiveCfg = Debug|Any CPU
		{DD363C9B-6BC8-4371-8D1F-6C17F392B3D5}.Debug|Any CPU.Build.0 = Debug|Any CPU
		{DD363C9B-6BC8-4371-8D1F-6C17F392B3D5}.Release|Any CPU.ActiveCfg = Release|Any CPU
		{DD363C9B-6BC8-4371-8D1F-6C17F392B3D5}.Release|Any CPU.Build.0 = Release|Any CPU
		{5983E0F5-D7AF-4E54-9FAD-40A37FAAA3D0}.Debug|Any CPU.ActiveCfg = Debug|Any CPU
		{5983E0F5-D7AF-4E54-9FAD-40A37FAAA3D0}.Debug|Any CPU.Build.0 = Debug|Any CPU
		{5983E0F5-D7AF-4E54-9FAD-40A37FAAA3D0}.Release|Any CPU.ActiveCfg = Release|Any CPU
		{5983E0F5-D7AF-4E54-9FAD-40A37FAAA3D0}.Release|Any CPU.Build.0 = Release|Any CPU
		{179D917A-ACFB-423C-AC0B-630375ADB204}.Debug|Any CPU.ActiveCfg = Debug|Any CPU
		{179D917A-ACFB-423C-AC0B-630375ADB204}.Debug|Any CPU.Build.0 = Debug|Any CPU
		{179D917A-ACFB-423C-AC0B-630375ADB204}.Release|Any CPU.ActiveCfg = Release|Any CPU
		{179D917A-ACFB-423C-AC0B-630375ADB204}.Release|Any CPU.Build.0 = Release|Any CPU
		{0883DDC9-F311-4C1A-8026-55F2364D0FCF}.Debug|Any CPU.ActiveCfg = Debug|Any CPU
		{0883DDC9-F311-4C1A-8026-55F2364D0FCF}.Debug|Any CPU.Build.0 = Debug|Any CPU
		{0883DDC9-F311-4C1A-8026-55F2364D0FCF}.Release|Any CPU.ActiveCfg = Release|Any CPU
		{0883DDC9-F311-4C1A-8026-55F2364D0FCF}.Release|Any CPU.Build.0 = Release|Any CPU
		{3F5FB455-D620-4D5D-95F2-7EA3FBED8CB9}.Debug|Any CPU.ActiveCfg = Debug|Any CPU
		{3F5FB455-D620-4D5D-95F2-7EA3FBED8CB9}.Debug|Any CPU.Build.0 = Debug|Any CPU
		{3F5FB455-D620-4D5D-95F2-7EA3FBED8CB9}.Release|Any CPU.ActiveCfg = Release|Any CPU
		{3F5FB455-D620-4D5D-95F2-7EA3FBED8CB9}.Release|Any CPU.Build.0 = Release|Any CPU
		{DF17CAA2-9D00-4D1B-834F-71FC5DF1B54C}.Debug|Any CPU.ActiveCfg = Debug|Any CPU
		{DF17CAA2-9D00-4D1B-834F-71FC5DF1B54C}.Debug|Any CPU.Build.0 = Debug|Any CPU
		{DF17CAA2-9D00-4D1B-834F-71FC5DF1B54C}.Release|Any CPU.ActiveCfg = Release|Any CPU
		{DF17CAA2-9D00-4D1B-834F-71FC5DF1B54C}.Release|Any CPU.Build.0 = Release|Any CPU
		{B60CD0A5-762C-4D59-ABF5-3DE12266E257}.Debug|Any CPU.ActiveCfg = Debug|Any CPU
		{B60CD0A5-762C-4D59-ABF5-3DE12266E257}.Debug|Any CPU.Build.0 = Debug|Any CPU
		{B60CD0A5-762C-4D59-ABF5-3DE12266E257}.Release|Any CPU.ActiveCfg = Release|Any CPU
		{B60CD0A5-762C-4D59-ABF5-3DE12266E257}.Release|Any CPU.Build.0 = Release|Any CPU
		{E8840D2D-F60D-4E30-86B2-F95A60A98266}.Debug|Any CPU.ActiveCfg = Debug|Any CPU
		{E8840D2D-F60D-4E30-86B2-F95A60A98266}.Debug|Any CPU.Build.0 = Debug|Any CPU
		{E8840D2D-F60D-4E30-86B2-F95A60A98266}.Release|Any CPU.ActiveCfg = Release|Any CPU
		{E8840D2D-F60D-4E30-86B2-F95A60A98266}.Release|Any CPU.Build.0 = Release|Any CPU
		{72A0E695-F15A-47DA-B567-50782FD4452C}.Debug|Any CPU.ActiveCfg = Debug|Any CPU
		{72A0E695-F15A-47DA-B567-50782FD4452C}.Debug|Any CPU.Build.0 = Debug|Any CPU
		{72A0E695-F15A-47DA-B567-50782FD4452C}.Release|Any CPU.ActiveCfg = Release|Any CPU
		{72A0E695-F15A-47DA-B567-50782FD4452C}.Release|Any CPU.Build.0 = Release|Any CPU
		{59C4BEF5-DC93-453E-9819-E76DC991924E}.Debug|Any CPU.ActiveCfg = Debug|Any CPU
		{59C4BEF5-DC93-453E-9819-E76DC991924E}.Debug|Any CPU.Build.0 = Debug|Any CPU
		{59C4BEF5-DC93-453E-9819-E76DC991924E}.Release|Any CPU.ActiveCfg = Release|Any CPU
		{59C4BEF5-DC93-453E-9819-E76DC991924E}.Release|Any CPU.Build.0 = Release|Any CPU
		{5B3F0DC4-33E7-4413-BDDC-5C84FD05A67D}.Debug|Any CPU.ActiveCfg = Debug|Any CPU
		{5B3F0DC4-33E7-4413-BDDC-5C84FD05A67D}.Debug|Any CPU.Build.0 = Debug|Any CPU
		{5B3F0DC4-33E7-4413-BDDC-5C84FD05A67D}.Release|Any CPU.ActiveCfg = Release|Any CPU
		{5B3F0DC4-33E7-4413-BDDC-5C84FD05A67D}.Release|Any CPU.Build.0 = Release|Any CPU
		{4B3613F8-1C68-4F6B-9BCA-279724D45871}.Debug|Any CPU.ActiveCfg = Debug|Any CPU
		{4B3613F8-1C68-4F6B-9BCA-279724D45871}.Debug|Any CPU.Build.0 = Debug|Any CPU
		{4B3613F8-1C68-4F6B-9BCA-279724D45871}.Release|Any CPU.ActiveCfg = Release|Any CPU
		{4B3613F8-1C68-4F6B-9BCA-279724D45871}.Release|Any CPU.Build.0 = Release|Any CPU
	EndGlobalSection
	GlobalSection(SolutionProperties) = preSolution
		HideSolutionNode = FALSE
	EndGlobalSection
	GlobalSection(ExtensibilityGlobals) = postSolution
		SolutionGuid = {D4DF2B8D-BDD4-44F8-85F5-058912F33673}
	EndGlobalSection
EndGlobal
